schema: '2.0'
stages:
  build_features:
    cmd: python ./src/features/build_features.py
    deps:
    - path: ./data/raw/
      hash: md5
      md5: 775bd993f722629b752d2bdee167a7a2.dir
      size: 271383386
      nfiles: 3
    - path: ./src/features/build_features.py
      hash: md5
      md5: ea24c17dba7d672a7b235bb37eb3324e
      size: 2147
  train_model:
    cmd: python ./src/models/train_model.py ./data/processed/
    deps:
    - path: ./data/processed/
      hash: md5
      md5: 089cfb95baab816565f22277edab26f9.dir
      size: 412415027
      nfiles: 3
    - path: ./src/models/train_model.py
      hash: md5
      md5: c0c9371e7d69d02b8b2e551d23ed6423
      size: 4277
  push_model:
    cmd: python ./src/models/push_model.py ./data/processed/
    deps:
    - path: ./models/
      hash: md5
      md5: 7c2df1b6d170f11459245e22980f1ad8.dir
      size: 161581
      nfiles: 2
    - path: ./src/models/train_model.py
      hash: md5
      md5: c0c9371e7d69d02b8b2e551d23ed6423
      size: 4277
