schema: '2.0'
stages:
  build_features:
    cmd: python ./src/features/build_features.py
    deps:
    - path: ./data/raw/
      hash: md5
      md5: 775bd993f722629b752d2bdee167a7a2.dir
      size: 271383386
      nfiles: 3
    - path: ./src/features/build_features.py
      hash: md5
      md5: ea24c17dba7d672a7b235bb37eb3324e
      size: 2147
  train_model:
    cmd: python ./src/models/train_model.py ./data/processed/
    deps:
    - path: ./data/processed/
      hash: md5
      md5: 089cfb95baab816565f22277edab26f9.dir
      size: 412415027
      nfiles: 3
    - path: ./src/models/train_model.py
      hash: md5
      md5: a24544b559949ad7fe05028f7f3c7b51
      size: 4286
  push_model:
    cmd: python ./src/models/push_model.py ./data/processed/
    deps:
    - path: ./models/
      hash: md5
      md5: 947b65c8aaa1cb8a2c1436051f2d2823.dir
      size: 109120
      nfiles: 2
    - path: ./src/models/train_model.py
      hash: md5
      md5: a24544b559949ad7fe05028f7f3c7b51
      size: 4286
